// !$*UTF8*$!
{
	archiveVersion = 1;
	classes = {
	};
	objectVersion = 46;
	objects = {

/* Begin PBXBuildFile section */
		5D6D50D41A91683C005DCBE0 /* CustomBoost.mm in Sources */ = {isa = PBXBuildFile; fileRef = 5D6D50D31A91683C005DCBE0 /* CustomBoost.mm */; };
		5D6D5C731A970B46005DCBE0 /* CustomBoostClassifier.mm in Sources */ = {isa = PBXBuildFile; fileRef = 5D6D5C721A970B46005DCBE0 /* CustomBoostClassifier.mm */; };
		5D6D5C761A9D9A7E005DCBE0 /* bgfg_vibe.cpp in Sources */ = {isa = PBXBuildFile; fileRef = 5D6D5C741A9D9A7E005DCBE0 /* bgfg_vibe.cpp */; };
		5D6D5C791A9DA483005DCBE0 /* MCTBoost.mm in Sources */ = {isa = PBXBuildFile; fileRef = 5D6D5C781A9DA483005DCBE0 /* MCTBoost.mm */; };
		5DF08B451A81A2360034B840 /* AppDelegate.mm in Sources */ = {isa = PBXBuildFile; fileRef = 5DF08B441A81A2360034B840 /* AppDelegate.mm */; };
		5DF08B471A81A2360034B840 /* main.m in Sources */ = {isa = PBXBuildFile; fileRef = 5DF08B461A81A2360034B840 /* main.m */; };
		5DF08B491A81A2360034B840 /* Images.xcassets in Resources */ = {isa = PBXBuildFile; fileRef = 5DF08B481A81A2360034B840 /* Images.xcassets */; };
		5DF08B4C1A81A2360034B840 /* MainMenu.xib in Resources */ = {isa = PBXBuildFile; fileRef = 5DF08B4A1A81A2360034B840 /* MainMenu.xib */; };
		5DF08B581A81A2360034B840 /* EBOLOTests.m in Sources */ = {isa = PBXBuildFile; fileRef = 5DF08B571A81A2360034B840 /* EBOLOTests.m */; };
		5DF08B701A81A2940034B840 /* libopencv_calib3d.2.4.10.dylib in Frameworks */ = {isa = PBXBuildFile; fileRef = 5DF08B611A81A2940034B840 /* libopencv_calib3d.2.4.10.dylib */; };
		5DF08B711A81A2940034B840 /* libopencv_contrib.2.4.10.dylib in Frameworks */ = {isa = PBXBuildFile; fileRef = 5DF08B621A81A2940034B840 /* libopencv_contrib.2.4.10.dylib */; };
		5DF08B721A81A2940034B840 /* libopencv_core.2.4.10.dylib in Frameworks */ = {isa = PBXBuildFile; fileRef = 5DF08B631A81A2940034B840 /* libopencv_core.2.4.10.dylib */; };
		5DF08B731A81A2940034B840 /* libopencv_features2d.2.4.10.dylib in Frameworks */ = {isa = PBXBuildFile; fileRef = 5DF08B641A81A2940034B840 /* libopencv_features2d.2.4.10.dylib */; };
		5DF08B741A81A2940034B840 /* libopencv_flann.2.4.10.dylib in Frameworks */ = {isa = PBXBuildFile; fileRef = 5DF08B651A81A2940034B840 /* libopencv_flann.2.4.10.dylib */; };
		5DF08B751A81A2940034B840 /* libopencv_gpu.2.4.10.dylib in Frameworks */ = {isa = PBXBuildFile; fileRef = 5DF08B661A81A2940034B840 /* libopencv_gpu.2.4.10.dylib */; };
		5DF08B761A81A2940034B840 /* libopencv_highgui.2.4.10.dylib in Frameworks */ = {isa = PBXBuildFile; fileRef = 5DF08B671A81A2940034B840 /* libopencv_highgui.2.4.10.dylib */; };
		5DF08B771A81A2940034B840 /* libopencv_imgproc.2.4.10.dylib in Frameworks */ = {isa = PBXBuildFile; fileRef = 5DF08B681A81A2940034B840 /* libopencv_imgproc.2.4.10.dylib */; };
		5DF08B781A81A2940034B840 /* libopencv_legacy.2.4.10.dylib in Frameworks */ = {isa = PBXBuildFile; fileRef = 5DF08B691A81A2940034B840 /* libopencv_legacy.2.4.10.dylib */; };
		5DF08B791A81A2940034B840 /* libopencv_ml.2.4.10.dylib in Frameworks */ = {isa = PBXBuildFile; fileRef = 5DF08B6A1A81A2940034B840 /* libopencv_ml.2.4.10.dylib */; };
		5DF08B7A1A81A2940034B840 /* libopencv_nonfree.2.4.10.dylib in Frameworks */ = {isa = PBXBuildFile; fileRef = 5DF08B6B1A81A2940034B840 /* libopencv_nonfree.2.4.10.dylib */; };
		5DF08B7B1A81A2940034B840 /* libopencv_objdetect.2.4.10.dylib in Frameworks */ = {isa = PBXBuildFile; fileRef = 5DF08B6C1A81A2940034B840 /* libopencv_objdetect.2.4.10.dylib */; };
		5DF08B7C1A81A2940034B840 /* libopencv_photo.2.4.10.dylib in Frameworks */ = {isa = PBXBuildFile; fileRef = 5DF08B6D1A81A2940034B840 /* libopencv_photo.2.4.10.dylib */; };
		5DF08B7D1A81A2940034B840 /* libopencv_stitching.2.4.10.dylib in Frameworks */ = {isa = PBXBuildFile; fileRef = 5DF08B6E1A81A2940034B840 /* libopencv_stitching.2.4.10.dylib */; };
		5DF08B7E1A81A2940034B840 /* libopencv_superres.2.4.10.dylib in Frameworks */ = {isa = PBXBuildFile; fileRef = 5DF08B6F1A81A2940034B840 /* libopencv_superres.2.4.10.dylib */; };
		5DF08B861A81A69A0034B840 /* CSVParser.mm in Sources */ = {isa = PBXBuildFile; fileRef = 5DF08B811A81A69A0034B840 /* CSVParser.mm */; };
		5DF08B871A81A69A0034B840 /* SilhouettePartitioner.mm in Sources */ = {isa = PBXBuildFile; fileRef = 5DF08B831A81A69A0034B840 /* SilhouettePartitioner.mm */; };
		5DF08B881A81A69A0034B840 /* ParticleClusterer.mm in Sources */ = {isa = PBXBuildFile; fileRef = 5DF08B851A81A69A0034B840 /* ParticleClusterer.mm */; };
		5DF08B8E1A81AA920034B840 /* LBPFaceDetector.mm in Sources */ = {isa = PBXBuildFile; fileRef = 5DF08B8D1A81AA920034B840 /* LBPFaceDetector.mm */; };
		5DF08B911A81B2B40034B840 /* HOGPersonDetector.mm in Sources */ = {isa = PBXBuildFile; fileRef = 5DF08B901A81B2B40034B840 /* HOGPersonDetector.mm */; };
		5DF08B941A8B0BCE0034B840 /* MCT.mm in Sources */ = {isa = PBXBuildFile; fileRef = 5DF08B931A8B0BCE0034B840 /* MCT.mm */; };
/* End PBXBuildFile section */

/* Begin PBXContainerItemProxy section */
		5DF08B521A81A2360034B840 /* PBXContainerItemProxy */ = {
			isa = PBXContainerItemProxy;
			containerPortal = 5DF08B361A81A2350034B840 /* Project object */;
			proxyType = 1;
			remoteGlobalIDString = 5DF08B3D1A81A2360034B840;
			remoteInfo = EBOLO;
		};
/* End PBXContainerItemProxy section */

/* Begin PBXFileReference section */
		5D6D50D21A91683C005DCBE0 /* CustomBoost.h */ = {isa = PBXFileReference; fileEncoding = 4; lastKnownFileType = sourcecode.c.h; path = CustomBoost.h; sourceTree = "<group>"; };
		5D6D50D31A91683C005DCBE0 /* CustomBoost.mm */ = {isa = PBXFileReference; fileEncoding = 4; lastKnownFileType = sourcecode.cpp.objcpp; path = CustomBoost.mm; sourceTree = "<group>"; };
		5D6D5C711A970B46005DCBE0 /* CustomBoostClassifier.h */ = {isa = PBXFileReference; fileEncoding = 4; lastKnownFileType = sourcecode.c.h; path = CustomBoostClassifier.h; sourceTree = "<group>"; };
		5D6D5C721A970B46005DCBE0 /* CustomBoostClassifier.mm */ = {isa = PBXFileReference; fileEncoding = 4; lastKnownFileType = sourcecode.cpp.objcpp; path = CustomBoostClassifier.mm; sourceTree = "<group>"; };
		5D6D5C741A9D9A7E005DCBE0 /* bgfg_vibe.cpp */ = {isa = PBXFileReference; fileEncoding = 4; lastKnownFileType = sourcecode.cpp.cpp; path = bgfg_vibe.cpp; sourceTree = "<group>"; };
		5D6D5C751A9D9A7E005DCBE0 /* bgfg_vibe.h */ = {isa = PBXFileReference; fileEncoding = 4; lastKnownFileType = sourcecode.c.h; path = bgfg_vibe.h; sourceTree = "<group>"; };
		5D6D5C771A9DA483005DCBE0 /* MCTBoost.h */ = {isa = PBXFileReference; fileEncoding = 4; lastKnownFileType = sourcecode.c.h; path = MCTBoost.h; sourceTree = "<group>"; };
		5D6D5C781A9DA483005DCBE0 /* MCTBoost.mm */ = {isa = PBXFileReference; fileEncoding = 4; lastKnownFileType = sourcecode.cpp.objcpp; path = MCTBoost.mm; sourceTree = "<group>"; };
		5DF08B3E1A81A2360034B840 /* EBOLO.app */ = {isa = PBXFileReference; explicitFileType = wrapper.application; includeInIndex = 0; path = EBOLO.app; sourceTree = BUILT_PRODUCTS_DIR; };
		5DF08B421A81A2360034B840 /* Info.plist */ = {isa = PBXFileReference; lastKnownFileType = text.plist.xml; path = Info.plist; sourceTree = "<group>"; };
		5DF08B431A81A2360034B840 /* AppDelegate.h */ = {isa = PBXFileReference; lastKnownFileType = sourcecode.c.h; path = AppDelegate.h; sourceTree = "<group>"; };
		5DF08B441A81A2360034B840 /* AppDelegate.mm */ = {isa = PBXFileReference; lastKnownFileType = sourcecode.cpp.objcpp; path = AppDelegate.mm; sourceTree = "<group>"; };
		5DF08B461A81A2360034B840 /* main.m */ = {isa = PBXFileReference; lastKnownFileType = sourcecode.c.objc; path = main.m; sourceTree = "<group>"; };
		5DF08B481A81A2360034B840 /* Images.xcassets */ = {isa = PBXFileReference; lastKnownFileType = folder.assetcatalog; path = Images.xcassets; sourceTree = "<group>"; };
		5DF08B4B1A81A2360034B840 /* Base */ = {isa = PBXFileReference; lastKnownFileType = file.xib; name = Base; path = Base.lproj/MainMenu.xib; sourceTree = "<group>"; };
		5DF08B511A81A2360034B840 /* EBOLOTests.xctest */ = {isa = PBXFileReference; explicitFileType = wrapper.cfbundle; includeInIndex = 0; path = EBOLOTests.xctest; sourceTree = BUILT_PRODUCTS_DIR; };
		5DF08B561A81A2360034B840 /* Info.plist */ = {isa = PBXFileReference; lastKnownFileType = text.plist.xml; path = Info.plist; sourceTree = "<group>"; };
		5DF08B571A81A2360034B840 /* EBOLOTests.m */ = {isa = PBXFileReference; lastKnownFileType = sourcecode.c.objc; path = EBOLOTests.m; sourceTree = "<group>"; };
		5DF08B611A81A2940034B840 /* libopencv_calib3d.2.4.10.dylib */ = {isa = PBXFileReference; lastKnownFileType = "compiled.mach-o.dylib"; name = libopencv_calib3d.2.4.10.dylib; path = /opt/local/lib/libopencv_calib3d.2.4.10.dylib; sourceTree = "<absolute>"; };
		5DF08B621A81A2940034B840 /* libopencv_contrib.2.4.10.dylib */ = {isa = PBXFileReference; lastKnownFileType = "compiled.mach-o.dylib"; name = libopencv_contrib.2.4.10.dylib; path = /opt/local/lib/libopencv_contrib.2.4.10.dylib; sourceTree = "<absolute>"; };
		5DF08B631A81A2940034B840 /* libopencv_core.2.4.10.dylib */ = {isa = PBXFileReference; lastKnownFileType = "compiled.mach-o.dylib"; name = libopencv_core.2.4.10.dylib; path = /opt/local/lib/libopencv_core.2.4.10.dylib; sourceTree = "<absolute>"; };
		5DF08B641A81A2940034B840 /* libopencv_features2d.2.4.10.dylib */ = {isa = PBXFileReference; lastKnownFileType = "compiled.mach-o.dylib"; name = libopencv_features2d.2.4.10.dylib; path = /opt/local/lib/libopencv_features2d.2.4.10.dylib; sourceTree = "<absolute>"; };
		5DF08B651A81A2940034B840 /* libopencv_flann.2.4.10.dylib */ = {isa = PBXFileReference; lastKnownFileType = "compiled.mach-o.dylib"; name = libopencv_flann.2.4.10.dylib; path = /opt/local/lib/libopencv_flann.2.4.10.dylib; sourceTree = "<absolute>"; };
		5DF08B661A81A2940034B840 /* libopencv_gpu.2.4.10.dylib */ = {isa = PBXFileReference; lastKnownFileType = "compiled.mach-o.dylib"; name = libopencv_gpu.2.4.10.dylib; path = /opt/local/lib/libopencv_gpu.2.4.10.dylib; sourceTree = "<absolute>"; };
		5DF08B671A81A2940034B840 /* libopencv_highgui.2.4.10.dylib */ = {isa = PBXFileReference; lastKnownFileType = "compiled.mach-o.dylib"; name = libopencv_highgui.2.4.10.dylib; path = /opt/local/lib/libopencv_highgui.2.4.10.dylib; sourceTree = "<absolute>"; };
		5DF08B681A81A2940034B840 /* libopencv_imgproc.2.4.10.dylib */ = {isa = PBXFileReference; lastKnownFileType = "compiled.mach-o.dylib"; name = libopencv_imgproc.2.4.10.dylib; path = /opt/local/lib/libopencv_imgproc.2.4.10.dylib; sourceTree = "<absolute>"; };
		5DF08B691A81A2940034B840 /* libopencv_legacy.2.4.10.dylib */ = {isa = PBXFileReference; lastKnownFileType = "compiled.mach-o.dylib"; name = libopencv_legacy.2.4.10.dylib; path = /opt/local/lib/libopencv_legacy.2.4.10.dylib; sourceTree = "<absolute>"; };
		5DF08B6A1A81A2940034B840 /* libopencv_ml.2.4.10.dylib */ = {isa = PBXFileReference; lastKnownFileType = "compiled.mach-o.dylib"; name = libopencv_ml.2.4.10.dylib; path = /opt/local/lib/libopencv_ml.2.4.10.dylib; sourceTree = "<absolute>"; };
		5DF08B6B1A81A2940034B840 /* libopencv_nonfree.2.4.10.dylib */ = {isa = PBXFileReference; lastKnownFileType = "compiled.mach-o.dylib"; name = libopencv_nonfree.2.4.10.dylib; path = /opt/local/lib/libopencv_nonfree.2.4.10.dylib; sourceTree = "<absolute>"; };
		5DF08B6C1A81A2940034B840 /* libopencv_objdetect.2.4.10.dylib */ = {isa = PBXFileReference; lastKnownFileType = "compiled.mach-o.dylib"; name = libopencv_objdetect.2.4.10.dylib; path = /opt/local/lib/libopencv_objdetect.2.4.10.dylib; sourceTree = "<absolute>"; };
		5DF08B6D1A81A2940034B840 /* libopencv_photo.2.4.10.dylib */ = {isa = PBXFileReference; lastKnownFileType = "compiled.mach-o.dylib"; name = libopencv_photo.2.4.10.dylib; path = /opt/local/lib/libopencv_photo.2.4.10.dylib; sourceTree = "<absolute>"; };
		5DF08B6E1A81A2940034B840 /* libopencv_stitching.2.4.10.dylib */ = {isa = PBXFileReference; lastKnownFileType = "compiled.mach-o.dylib"; name = libopencv_stitching.2.4.10.dylib; path = /opt/local/lib/libopencv_stitching.2.4.10.dylib; sourceTree = "<absolute>"; };
		5DF08B6F1A81A2940034B840 /* libopencv_superres.2.4.10.dylib */ = {isa = PBXFileReference; lastKnownFileType = "compiled.mach-o.dylib"; name = libopencv_superres.2.4.10.dylib; path = /opt/local/lib/libopencv_superres.2.4.10.dylib; sourceTree = "<absolute>"; };
		5DF08B801A81A69A0034B840 /* CSVParser.h */ = {isa = PBXFileReference; fileEncoding = 4; lastKnownFileType = sourcecode.c.h; path = CSVParser.h; sourceTree = "<group>"; };
		5DF08B811A81A69A0034B840 /* CSVParser.mm */ = {isa = PBXFileReference; fileEncoding = 4; lastKnownFileType = sourcecode.cpp.objcpp; path = CSVParser.mm; sourceTree = "<group>"; };
		5DF08B821A81A69A0034B840 /* SilhouettePartitioner.h */ = {isa = PBXFileReference; fileEncoding = 4; lastKnownFileType = sourcecode.c.h; path = SilhouettePartitioner.h; sourceTree = "<group>"; };
		5DF08B831A81A69A0034B840 /* SilhouettePartitioner.mm */ = {isa = PBXFileReference; fileEncoding = 4; lastKnownFileType = sourcecode.cpp.objcpp; path = SilhouettePartitioner.mm; sourceTree = "<group>"; };
		5DF08B841A81A69A0034B840 /* ParticleClusterer.h */ = {isa = PBXFileReference; fileEncoding = 4; lastKnownFileType = sourcecode.c.h; path = ParticleClusterer.h; sourceTree = "<group>"; };
		5DF08B851A81A69A0034B840 /* ParticleClusterer.mm */ = {isa = PBXFileReference; fileEncoding = 4; lastKnownFileType = sourcecode.cpp.objcpp; path = ParticleClusterer.mm; sourceTree = "<group>"; };
		5DF08B8C1A81AA920034B840 /* LBPFaceDetector.h */ = {isa = PBXFileReference; fileEncoding = 4; lastKnownFileType = sourcecode.c.h; path = LBPFaceDetector.h; sourceTree = "<group>"; };
		5DF08B8D1A81AA920034B840 /* LBPFaceDetector.mm */ = {isa = PBXFileReference; fileEncoding = 4; lastKnownFileType = sourcecode.cpp.objcpp; path = LBPFaceDetector.mm; sourceTree = "<group>"; };
		5DF08B8F1A81B2B40034B840 /* HOGPersonDetector.h */ = {isa = PBXFileReference; fileEncoding = 4; lastKnownFileType = sourcecode.c.h; path = HOGPersonDetector.h; sourceTree = "<group>"; };
		5DF08B901A81B2B40034B840 /* HOGPersonDetector.mm */ = {isa = PBXFileReference; fileEncoding = 4; lastKnownFileType = sourcecode.cpp.objcpp; path = HOGPersonDetector.mm; sourceTree = "<group>"; };
		5DF08B921A8B0BCE0034B840 /* MCT.h */ = {isa = PBXFileReference; fileEncoding = 4; lastKnownFileType = sourcecode.c.h; path = MCT.h; sourceTree = "<group>"; };
		5DF08B931A8B0BCE0034B840 /* MCT.mm */ = {isa = PBXFileReference; fileEncoding = 4; lastKnownFileType = sourcecode.cpp.objcpp; path = MCT.mm; sourceTree = "<group>"; };
/* End PBXFileReference section */

/* Begin PBXFrameworksBuildPhase section */
		5DF08B3B1A81A2360034B840 /* Frameworks */ = {
			isa = PBXFrameworksBuildPhase;
			buildActionMask = 2147483647;
			files = (
				5DF08B701A81A2940034B840 /* libopencv_calib3d.2.4.10.dylib in Frameworks */,
				5DF08B711A81A2940034B840 /* libopencv_contrib.2.4.10.dylib in Frameworks */,
				5DF08B721A81A2940034B840 /* libopencv_core.2.4.10.dylib in Frameworks */,
				5DF08B731A81A2940034B840 /* libopencv_features2d.2.4.10.dylib in Frameworks */,
				5DF08B741A81A2940034B840 /* libopencv_flann.2.4.10.dylib in Frameworks */,
				5DF08B751A81A2940034B840 /* libopencv_gpu.2.4.10.dylib in Frameworks */,
				5DF08B761A81A2940034B840 /* libopencv_highgui.2.4.10.dylib in Frameworks */,
				5DF08B771A81A2940034B840 /* libopencv_imgproc.2.4.10.dylib in Frameworks */,
				5DF08B781A81A2940034B840 /* libopencv_legacy.2.4.10.dylib in Frameworks */,
				5DF08B791A81A2940034B840 /* libopencv_ml.2.4.10.dylib in Frameworks */,
				5DF08B7A1A81A2940034B840 /* libopencv_nonfree.2.4.10.dylib in Frameworks */,
				5DF08B7B1A81A2940034B840 /* libopencv_objdetect.2.4.10.dylib in Frameworks */,
				5DF08B7C1A81A2940034B840 /* libopencv_photo.2.4.10.dylib in Frameworks */,
				5DF08B7D1A81A2940034B840 /* libopencv_stitching.2.4.10.dylib in Frameworks */,
				5DF08B7E1A81A2940034B840 /* libopencv_superres.2.4.10.dylib in Frameworks */,
			);
			runOnlyForDeploymentPostprocessing = 0;
		};
		5DF08B4E1A81A2360034B840 /* Frameworks */ = {
			isa = PBXFrameworksBuildPhase;
			buildActionMask = 2147483647;
			files = (
			);
			runOnlyForDeploymentPostprocessing = 0;
		};
/* End PBXFrameworksBuildPhase section */

/* Begin PBXGroup section */
		5DF08B351A81A2350034B840 = {
			isa = PBXGroup;
			children = (
				5D6D5C741A9D9A7E005DCBE0 /* bgfg_vibe.cpp */,
				5D6D5C751A9D9A7E005DCBE0 /* bgfg_vibe.h */,
				5DF08B8F1A81B2B40034B840 /* HOGPersonDetector.h */,
				5DF08B901A81B2B40034B840 /* HOGPersonDetector.mm */,
				5DF08B401A81A2360034B840 /* EBOLO */,
				5DF08B541A81A2360034B840 /* EBOLOTests */,
				5DF08B3F1A81A2360034B840 /* Products */,
			);
			sourceTree = "<group>";
		};
		5DF08B3F1A81A2360034B840 /* Products */ = {
			isa = PBXGroup;
			children = (
				5DF08B3E1A81A2360034B840 /* EBOLO.app */,
				5DF08B511A81A2360034B840 /* EBOLOTests.xctest */,
			);
			name = Products;
			sourceTree = "<group>";
		};
		5DF08B401A81A2360034B840 /* EBOLO */ = {
			isa = PBXGroup;
			children = (
				5DF08B431A81A2360034B840 /* AppDelegate.h */,
				5DF08B441A81A2360034B840 /* AppDelegate.mm */,
				5D6D5C771A9DA483005DCBE0 /* MCTBoost.h */,
				5D6D5C781A9DA483005DCBE0 /* MCTBoost.mm */,
				5DF08B801A81A69A0034B840 /* CSVParser.h */,
				5DF08B811A81A69A0034B840 /* CSVParser.mm */,
				5D6D50D21A91683C005DCBE0 /* CustomBoost.h */,
				5D6D50D31A91683C005DCBE0 /* CustomBoost.mm */,
				5D6D5C711A970B46005DCBE0 /* CustomBoostClassifier.h */,
				5D6D5C721A970B46005DCBE0 /* CustomBoostClassifier.mm */,
				5DF08B921A8B0BCE0034B840 /* MCT.h */,
				5DF08B931A8B0BCE0034B840 /* MCT.mm */,
				5DF08B8C1A81AA920034B840 /* LBPFaceDetector.h */,
				5DF08B8D1A81AA920034B840 /* LBPFaceDetector.mm */,
				5DF08B821A81A69A0034B840 /* SilhouettePartitioner.h */,
				5DF08B831A81A69A0034B840 /* SilhouettePartitioner.mm */,
				5DF08B841A81A69A0034B840 /* ParticleClusterer.h */,
				5DF08B851A81A69A0034B840 /* ParticleClusterer.mm */,
				5DF08B7F1A81A6730034B840 /* CV */,
				5DF08B481A81A2360034B840 /* Images.xcassets */,
				5DF08B4A1A81A2360034B840 /* MainMenu.xib */,
				5DF08B411A81A2360034B840 /* Supporting Files */,
			);
			path = EBOLO;
			sourceTree = "<group>";
		};
		5DF08B411A81A2360034B840 /* Supporting Files */ = {
			isa = PBXGroup;
			children = (
				5DF08B421A81A2360034B840 /* Info.plist */,
				5DF08B461A81A2360034B840 /* main.m */,
			);
			name = "Supporting Files";
			sourceTree = "<group>";
		};
		5DF08B541A81A2360034B840 /* EBOLOTests */ = {
			isa = PBXGroup;
			children = (
				5DF08B571A81A2360034B840 /* EBOLOTests.m */,
				5DF08B551A81A2360034B840 /* Supporting Files */,
			);
			path = EBOLOTests;
			sourceTree = "<group>";
		};
		5DF08B551A81A2360034B840 /* Supporting Files */ = {
			isa = PBXGroup;
			children = (
				5DF08B561A81A2360034B840 /* Info.plist */,
			);
			name = "Supporting Files";
			sourceTree = "<group>";
		};
		5DF08B7F1A81A6730034B840 /* CV */ = {
			isa = PBXGroup;
			children = (
				5DF08B611A81A2940034B840 /* libopencv_calib3d.2.4.10.dylib */,
				5DF08B621A81A2940034B840 /* libopencv_contrib.2.4.10.dylib */,
				5DF08B631A81A2940034B840 /* libopencv_core.2.4.10.dylib */,
				5DF08B641A81A2940034B840 /* libopencv_features2d.2.4.10.dylib */,
				5DF08B651A81A2940034B840 /* libopencv_flann.2.4.10.dylib */,
				5DF08B661A81A2940034B840 /* libopencv_gpu.2.4.10.dylib */,
				5DF08B671A81A2940034B840 /* libopencv_highgui.2.4.10.dylib */,
				5DF08B681A81A2940034B840 /* libopencv_imgproc.2.4.10.dylib */,
				5DF08B691A81A2940034B840 /* libopencv_legacy.2.4.10.dylib */,
				5DF08B6A1A81A2940034B840 /* libopencv_ml.2.4.10.dylib */,
				5DF08B6B1A81A2940034B840 /* libopencv_nonfree.2.4.10.dylib */,
				5DF08B6C1A81A2940034B840 /* libopencv_objdetect.2.4.10.dylib */,
				5DF08B6D1A81A2940034B840 /* libopencv_photo.2.4.10.dylib */,
				5DF08B6E1A81A2940034B840 /* libopencv_stitching.2.4.10.dylib */,
				5DF08B6F1A81A2940034B840 /* libopencv_superres.2.4.10.dylib */,
			);
			name = CV;
			path = ..;
			sourceTree = "<group>";
		};
/* End PBXGroup section */

/* Begin PBXNativeTarget section */
		5DF08B3D1A81A2360034B840 /* EBOLO */ = {
			isa = PBXNativeTarget;
			buildConfigurationList = 5DF08B5B1A81A2360034B840 /* Build configuration list for PBXNativeTarget "EBOLO" */;
			buildPhases = (
				5DF08B3A1A81A2360034B840 /* Sources */,
				5DF08B3B1A81A2360034B840 /* Frameworks */,
				5DF08B3C1A81A2360034B840 /* Resources */,
			);
			buildRules = (
			);
			dependencies = (
			);
			name = EBOLO;
			productName = EBOLO;
			productReference = 5DF08B3E1A81A2360034B840 /* EBOLO.app */;
			productType = "com.apple.product-type.application";
		};
		5DF08B501A81A2360034B840 /* EBOLOTests */ = {
			isa = PBXNativeTarget;
			buildConfigurationList = 5DF08B5E1A81A2360034B840 /* Build configuration list for PBXNativeTarget "EBOLOTests" */;
			buildPhases = (
				5DF08B4D1A81A2360034B840 /* Sources */,
				5DF08B4E1A81A2360034B840 /* Frameworks */,
				5DF08B4F1A81A2360034B840 /* Resources */,
			);
			buildRules = (
			);
			dependencies = (
				5DF08B531A81A2360034B840 /* PBXTargetDependency */,
			);
			name = EBOLOTests;
			productName = EBOLOTests;
			productReference = 5DF08B511A81A2360034B840 /* EBOLOTests.xctest */;
			productType = "com.apple.product-type.bundle.unit-test";
		};
/* End PBXNativeTarget section */

/* Begin PBXProject section */
		5DF08B361A81A2350034B840 /* Project object */ = {
			isa = PBXProject;
			attributes = {
				LastUpgradeCheck = 0610;
				ORGANIZATIONNAME = "Joel Brogan";
				TargetAttributes = {
					5DF08B3D1A81A2360034B840 = {
						CreatedOnToolsVersion = 6.1.1;
					};
					5DF08B501A81A2360034B840 = {
						CreatedOnToolsVersion = 6.1.1;
						TestTargetID = 5DF08B3D1A81A2360034B840;
					};
				};
			};
			buildConfigurationList = 5DF08B391A81A2350034B840 /* Build configuration list for PBXProject "EBOLO" */;
			compatibilityVersion = "Xcode 3.2";
			developmentRegion = English;
			hasScannedForEncodings = 0;
			knownRegions = (
				en,
				Base,
			);
			mainGroup = 5DF08B351A81A2350034B840;
			productRefGroup = 5DF08B3F1A81A2360034B840 /* Products */;
			projectDirPath = "";
			projectRoot = "";
			targets = (
				5DF08B3D1A81A2360034B840 /* EBOLO */,
				5DF08B501A81A2360034B840 /* EBOLOTests */,
			);
		};
/* End PBXProject section */

/* Begin PBXResourcesBuildPhase section */
		5DF08B3C1A81A2360034B840 /* Resources */ = {
			isa = PBXResourcesBuildPhase;
			buildActionMask = 2147483647;
			files = (
				5DF08B491A81A2360034B840 /* Images.xcassets in Resources */,
				5DF08B4C1A81A2360034B840 /* MainMenu.xib in Resources */,
			);
			runOnlyForDeploymentPostprocessing = 0;
		};
		5DF08B4F1A81A2360034B840 /* Resources */ = {
			isa = PBXResourcesBuildPhase;
			buildActionMask = 2147483647;
			files = (
			);
			runOnlyForDeploymentPostprocessing = 0;
		};
/* End PBXResourcesBuildPhase section */

/* Begin PBXSourcesBuildPhase section */
		5DF08B3A1A81A2360034B840 /* Sources */ = {
			isa = PBXSourcesBuildPhase;
			buildActionMask = 2147483647;
			files = (
				5DF08B861A81A69A0034B840 /* CSVParser.mm in Sources */,
				5D6D5C761A9D9A7E005DCBE0 /* bgfg_vibe.cpp in Sources */,
				5D6D5C731A970B46005DCBE0 /* CustomBoostClassifier.mm in Sources */,
				5DF08B8E1A81AA920034B840 /* LBPFaceDetector.mm in Sources */,
				5D6D50D41A91683C005DCBE0 /* CustomBoost.mm in Sources */,
				5DF08B471A81A2360034B840 /* main.m in Sources */,
				5DF08B451A81A2360034B840 /* AppDelegate.mm in Sources */,
				5DF08B941A8B0BCE0034B840 /* MCT.mm in Sources */,
				5D6D5C791A9DA483005DCBE0 /* MCTBoost.mm in Sources */,
				5DF08B881A81A69A0034B840 /* ParticleClusterer.mm in Sources */,
				5DF08B911A81B2B40034B840 /* HOGPersonDetector.mm in Sources */,
				5DF08B871A81A69A0034B840 /* SilhouettePartitioner.mm in Sources */,
			);
			runOnlyForDeploymentPostprocessing = 0;
		};
		5DF08B4D1A81A2360034B840 /* Sources */ = {
			isa = PBXSourcesBuildPhase;
			buildActionMask = 2147483647;
			files = (
				5DF08B581A81A2360034B840 /* EBOLOTests.m in Sources */,
			);
			runOnlyForDeploymentPostprocessing = 0;
		};
/* End PBXSourcesBuildPhase section */

/* Begin PBXTargetDependency section */
		5DF08B531A81A2360034B840 /* PBXTargetDependency */ = {
			isa = PBXTargetDependency;
			target = 5DF08B3D1A81A2360034B840 /* EBOLO */;
			targetProxy = 5DF08B521A81A2360034B840 /* PBXContainerItemProxy */;
		};
/* End PBXTargetDependency section */

/* Begin PBXVariantGroup section */
		5DF08B4A1A81A2360034B840 /* MainMenu.xib */ = {
			isa = PBXVariantGroup;
			children = (
				5DF08B4B1A81A2360034B840 /* Base */,
			);
			name = MainMenu.xib;
			sourceTree = "<group>";
		};
/* End PBXVariantGroup section */

/* Begin XCBuildConfiguration section */
		5DF08B591A81A2360034B840 /* Debug */ = {
			isa = XCBuildConfiguration;
			buildSettings = {
				ALWAYS_SEARCH_USER_PATHS = NO;
				CLANG_CXX_LANGUAGE_STANDARD = "gnu++0x";
				CLANG_CXX_LIBRARY = "libc++";
				CLANG_ENABLE_MODULES = YES;
				CLANG_ENABLE_OBJC_ARC = YES;
				CLANG_WARN_BOOL_CONVERSION = YES;
				CLANG_WARN_CONSTANT_CONVERSION = YES;
				CLANG_WARN_DIRECT_OBJC_ISA_USAGE = YES_ERROR;
				CLANG_WARN_EMPTY_BODY = YES;
				CLANG_WARN_ENUM_CONVERSION = YES;
				CLANG_WARN_INT_CONVERSION = YES;
				CLANG_WARN_OBJC_ROOT_CLASS = YES_ERROR;
				CLANG_WARN_UNREACHABLE_CODE = YES;
				CLANG_WARN__DUPLICATE_METHOD_MATCH = YES;
				CODE_SIGN_IDENTITY = "-";
				COPY_PHASE_STRIP = NO;
				ENABLE_STRICT_OBJC_MSGSEND = YES;
				GCC_C_LANGUAGE_STANDARD = gnu99;
				GCC_DYNAMIC_NO_PIC = NO;
				GCC_OPTIMIZATION_LEVEL = 0;
				GCC_PREPROCESSOR_DEFINITIONS = (
					"DEBUG=1",
					"$(inherited)",
				);
				GCC_SYMBOLS_PRIVATE_EXTERN = NO;
				GCC_WARN_64_TO_32_BIT_CONVERSION = YES;
				GCC_WARN_ABOUT_RETURN_TYPE = YES_ERROR;
				GCC_WARN_UNDECLARED_SELECTOR = YES;
				GCC_WARN_UNINITIALIZED_AUTOS = YES_AGGRESSIVE;
				GCC_WARN_UNUSED_FUNCTION = YES;
				GCC_WARN_UNUSED_VARIABLE = YES;
				MACOSX_DEPLOYMENT_TARGET = 10.9;
				MTL_ENABLE_DEBUG_INFO = YES;
				ONLY_ACTIVE_ARCH = YES;
				SDKROOT = macosx;
			};
			name = Debug;
		};
		5DF08B5A1A81A2360034B840 /* Release */ = {
			isa = XCBuildConfiguration;
			buildSettings = {
				ALWAYS_SEARCH_USER_PATHS = NO;
				CLANG_CXX_LANGUAGE_STANDARD = "gnu++0x";
				CLANG_CXX_LIBRARY = "libc++";
				CLANG_ENABLE_MODULES = YES;
				CLANG_ENABLE_OBJC_ARC = YES;
				CLANG_WARN_BOOL_CONVERSION = YES;
				CLANG_WARN_CONSTANT_CONVERSION = YES;
				CLANG_WARN_DIRECT_OBJC_ISA_USAGE = YES_ERROR;
				CLANG_WARN_EMPTY_BODY = YES;
				CLANG_WARN_ENUM_CONVERSION = YES;
				CLANG_WARN_INT_CONVERSION = YES;
				CLANG_WARN_OBJC_ROOT_CLASS = YES_ERROR;
				CLANG_WARN_UNREACHABLE_CODE = YES;
				CLANG_WARN__DUPLICATE_METHOD_MATCH = YES;
				CODE_SIGN_IDENTITY = "-";
				COPY_PHASE_STRIP = YES;
				DEBUG_INFORMATION_FORMAT = "dwarf-with-dsym";
				ENABLE_NS_ASSERTIONS = NO;
				ENABLE_STRICT_OBJC_MSGSEND = YES;
				GCC_C_LANGUAGE_STANDARD = gnu99;
				GCC_WARN_64_TO_32_BIT_CONVERSION = YES;
				GCC_WARN_ABOUT_RETURN_TYPE = YES_ERROR;
				GCC_WARN_UNDECLARED_SELECTOR = YES;
				GCC_WARN_UNINITIALIZED_AUTOS = YES_AGGRESSIVE;
				GCC_WARN_UNUSED_FUNCTION = YES;
				GCC_WARN_UNUSED_VARIABLE = YES;
				MACOSX_DEPLOYMENT_TARGET = 10.9;
				MTL_ENABLE_DEBUG_INFO = NO;
				SDKROOT = macosx;
			};
			name = Release;
		};
		5DF08B5C1A81A2360034B840 /* Debug */ = {
			isa = XCBuildConfiguration;
			buildSettings = {
				ASSETCATALOG_COMPILER_APPICON_NAME = AppIcon;
				COMBINE_HIDPI_IMAGES = YES;
				HEADER_SEARCH_PATHS = (
					"$(inherited)",
					/Applications/Xcode.app/Contents/Developer/Toolchains/XcodeDefault.xctoolchain/usr/include,
					/opt/local/include,
				);
				INFOPLIST_FILE = EBOLO/Info.plist;
				LD_RUNPATH_SEARCH_PATHS = "$(inherited) @executable_path/../Frameworks";
				LIBRARY_SEARCH_PATHS = (
					"$(inherited)",
					/opt/local/lib,
				);
				PRODUCT_NAME = "$(TARGET_NAME)";
			};
			name = Debug;
		};
		5DF08B5D1A81A2360034B840 /* Release */ = {
			isa = XCBuildConfiguration;
			buildSettings = {
				ASSETCATALOG_COMPILER_APPICON_NAME = AppIcon;
				COMBINE_HIDPI_IMAGES = YES;
				HEADER_SEARCH_PATHS = (
					"$(inherited)",
					/Applications/Xcode.app/Contents/Developer/Toolchains/XcodeDefault.xctoolchain/usr/include,
					/opt/local/include,
				);
				INFOPLIST_FILE = EBOLO/Info.plist;
				LD_RUNPATH_SEARCH_PATHS = "$(inherited) @executable_path/../Frameworks";
				LIBRARY_SEARCH_PATHS = (
					"$(inherited)",
					/opt/local/lib,
				);
				PRODUCT_NAME = "$(TARGET_NAME)";
			};
			name = Release;
		};
		5DF08B5F1A81A2360034B840 /* Debug */ = {
			isa = XCBuildConfiguration;
			buildSettings = {
				BUNDLE_LOADER = "$(TEST_HOST)";
				COMBINE_HIDPI_IMAGES = YES;
				FRAMEWORK_SEARCH_PATHS = (
					"$(DEVELOPER_FRAMEWORKS_DIR)",
					"$(inherited)",
				);
				GCC_PREPROCESSOR_DEFINITIONS = (
					"DEBUG=1",
					"$(inherited)",
				);
				INFOPLIST_FILE = EBOLOTests/Info.plist;
				LD_RUNPATH_SEARCH_PATHS = "$(inherited) @executable_path/../Frameworks @loader_path/../Frameworks";
				PRODUCT_NAME = "$(TARGET_NAME)";
				TEST_HOST = "$(BUILT_PRODUCTS_DIR)/EBOLO.app/Contents/MacOS/EBOLO";
			};
			name = Debug;
		};
		5DF08B601A81A2360034B840 /* Release */ = {
			isa = XCBuildConfiguration;
			buildSettings = {
				BUNDLE_LOADER = "$(TEST_HOST)";
				COMBINE_HIDPI_IMAGES = YES;
				FRAMEWORK_SEARCH_PATHS = (
					"$(DEVELOPER_FRAMEWORKS_DIR)",
					"$(inherited)",
				);
				INFOPLIST_FILE = EBOLOTests/Info.plist;
				LD_RUNPATH_SEARCH_PATHS = "$(inherited) @executable_path/../Frameworks @loader_path/../Frameworks";
				PRODUCT_NAME = "$(TARGET_NAME)";
				TEST_HOST = "$(BUILT_PRODUCTS_DIR)/EBOLO.app/Contents/MacOS/EBOLO";
			};
			name = Release;
		};
/* End XCBuildConfiguration section */

/* Begin XCConfigurationList section */
		5DF08B391A81A2350034B840 /* Build configuration list for PBXProject "EBOLO" */ = {
			isa = XCConfigurationList;
			buildConfigurations = (
				5DF08B591A81A2360034B840 /* Debug */,
				5DF08B5A1A81A2360034B840 /* Release */,
			);
			defaultConfigurationIsVisible = 0;
			defaultConfigurationName = Release;
		};
		5DF08B5B1A81A2360034B840 /* Build configuration list for PBXNativeTarget "EBOLO" */ = {
			isa = XCConfigurationList;
			buildConfigurations = (
				5DF08B5C1A81A2360034B840 /* Debug */,
				5DF08B5D1A81A2360034B840 /* Release */,
			);
			defaultConfigurationIsVisible = 0;
			defaultConfigurationName = Release;
		};
		5DF08B5E1A81A2360034B840 /* Build configuration list for PBXNativeTarget "EBOLOTests" */ = {
			isa = XCConfigurationList;
			buildConfigurations = (
				5DF08B5F1A81A2360034B840 /* Debug */,
				5DF08B601A81A2360034B840 /* Release */,
			);
			defaultConfigurationIsVisible = 0;
			defaultConfigurationName = Release;
		};
/* End XCConfigurationList section */
	};
	rootObject = 5DF08B361A81A2350034B840 /* Project object */;
}
